
Microsoft Visual Studio Solution File, Format Version 12.00
# Visual Studio Version 17
VisualStudioVersion = 17.5.33414.496
MinimumVisualStudioVersion = 10.0.40219.1
Project("{FAE04EC0-301F-11D3-BF4B-00C04F79EFBC}") = "PerfectHash", "PerfectHash.csproj", "{43FF3021-0F4E-4E23-A01C-0210A363BF4D}"
EndProject
Global
	GlobalSection(SolutionConfigurationPlatforms) = preSolution
		Debug|Any CPU = Debug|Any CPU
		Release|Any CPU = Release|Any CPU
	EndGlobalSection
	GlobalSection(ProjectConfigurationPlatforms) = postSolution
		{43FF3021-0F4E-4E23-A01C-0210A363BF4D}.Debug|Any CPU.ActiveCfg = Debug|Any CPU
		{43FF3021-0F4E-4E23-A01C-0210A363BF4D}.Debug|Any CPU.Build.0 = Debug|Any CPU
		{43FF3021-0F4E-4E23-A01C-0210A363BF4D}.Release|Any CPU.ActiveCfg = Release|Any CPU
		{43FF3021-0F4E-4E23-A01C-0210A363BF4D}.Release|Any CPU.Build.0 = Release|Any CPU
	EndGlobalSection
	GlobalSection(SolutionProperties) = preSolution
		HideSolutionNode = FALSE
	EndGlobalSection
	GlobalSection(ExtensibilityGlobals) = postSolution
		SolutionGuid = {1819CDB2-0610-48D9-BFBD-37659C26BC82}
	EndGlobalSection
EndGlobal
